// !$*UTF8*$!
{
	archiveVersion = 1;
	classes = {
	};
	objectVersion = 55;
	objects = {

/* Begin PBXBuildFile section */
		9E133E0428706D7B00BEE639 /* CoreDataProjectApp.swift in Sources */ = {isa = PBXBuildFile; fileRef = 9E133E0328706D7B00BEE639 /* CoreDataProjectApp.swift */; };
		9E133E0628706D7B00BEE639 /* ContentView.swift in Sources */ = {isa = PBXBuildFile; fileRef = 9E133E0528706D7B00BEE639 /* ContentView.swift */; };
		9E133E0828706D7D00BEE639 /* Assets.xcassets in Resources */ = {isa = PBXBuildFile; fileRef = 9E133E0728706D7D00BEE639 /* Assets.xcassets */; };
		9E133E0B28706D7D00BEE639 /* Preview Assets.xcassets in Resources */ = {isa = PBXBuildFile; fileRef = 9E133E0A28706D7D00BEE639 /* Preview Assets.xcassets */; };
		9E133E1228706DCE00BEE639 /* DataController.swift in Sources */ = {isa = PBXBuildFile; fileRef = 9E133E1128706DCE00BEE639 /* DataController.swift */; };
		9E133E1528706DE300BEE639 /* CoreDataProject.xcdatamodeld in Sources */ = {isa = PBXBuildFile; fileRef = 9E133E1328706DE300BEE639 /* CoreDataProject.xcdatamodeld */; };
		9E133E182870715200BEE639 /* Movie+CoreDataClass.swift in Sources */ = {isa = PBXBuildFile; fileRef = 9E133E162870715200BEE639 /* Movie+CoreDataClass.swift */; };
		9E133E192870715200BEE639 /* Movie+CoreDataProperties.swift in Sources */ = {isa = PBXBuildFile; fileRef = 9E133E172870715200BEE639 /* Movie+CoreDataProperties.swift */; };
		9E1791492870A9BA00E00647 /* Singer+CoreDataClass.swift in Sources */ = {isa = PBXBuildFile; fileRef = 9E1791472870A9BA00E00647 /* Singer+CoreDataClass.swift */; };
		9E17914A2870A9BA00E00647 /* Singer+CoreDataProperties.swift in Sources */ = {isa = PBXBuildFile; fileRef = 9E1791482870A9BA00E00647 /* Singer+CoreDataProperties.swift */; };
		9E17914C2870AAAE00E00647 /* FilteredList.swift in Sources */ = {isa = PBXBuildFile; fileRef = 9E17914B2870AAAE00E00647 /* FilteredList.swift */; };
		9E17915128722C1A00E00647 /* Country+CoreDataClass.swift in Sources */ = {isa = PBXBuildFile; fileRef = 9E17914D28722C1A00E00647 /* Country+CoreDataClass.swift */; };
		9E17915228722C1A00E00647 /* Country+CoreDataProperties.swift in Sources */ = {isa = PBXBuildFile; fileRef = 9E17914E28722C1A00E00647 /* Country+CoreDataProperties.swift */; };
		9E17915328722C1A00E00647 /* Candy+CoreDataClass.swift in Sources */ = {isa = PBXBuildFile; fileRef = 9E17914F28722C1A00E00647 /* Candy+CoreDataClass.swift */; };
		9E17915428722C1A00E00647 /* Candy+CoreDataProperties.swift in Sources */ = {isa = PBXBuildFile; fileRef = 9E17915028722C1A00E00647 /* Candy+CoreDataProperties.swift */; };
/* End PBXBuildFile section */

/* Begin PBXFileReference section */
		9E133E0028706D7B00BEE639 /* CoreDataProject.app */ = {isa = PBXFileReference; explicitFileType = wrapper.application; includeInIndex = 0; path = CoreDataProject.app; sourceTree = BUILT_PRODUCTS_DIR; };
		9E133E0328706D7B00BEE639 /* CoreDataProjectApp.swift */ = {isa = PBXFileReference; lastKnownFileType = sourcecode.swift; path = CoreDataProjectApp.swift; sourceTree = "<group>"; };
		9E133E0528706D7B00BEE639 /* ContentView.swift */ = {isa = PBXFileReference; lastKnownFileType = sourcecode.swift; path = ContentView.swift; sourceTree = "<group>"; };
		9E133E0728706D7D00BEE639 /* Assets.xcassets */ = {isa = PBXFileReference; lastKnownFileType = folder.assetcatalog; path = Assets.xcassets; sourceTree = "<group>"; };
		9E133E0A28706D7D00BEE639 /* Preview Assets.xcassets */ = {isa = PBXFileReference; lastKnownFileType = folder.assetcatalog; path = "Preview Assets.xcassets"; sourceTree = "<group>"; };
		9E133E1128706DCE00BEE639 /* DataController.swift */ = {isa = PBXFileReference; fileEncoding = 4; lastKnownFileType = sourcecode.swift; name = DataController.swift; path = ../../BookWorm/BookWorm/DataController.swift; sourceTree = "<group>"; };
		9E133E1428706DE300BEE639 /* CoreDataProject.xcdatamodel */ = {isa = PBXFileReference; lastKnownFileType = wrapper.xcdatamodel; path = CoreDataProject.xcdatamodel; sourceTree = "<group>"; };
		9E133E162870715200BEE639 /* Movie+CoreDataClass.swift */ = {isa = PBXFileReference; lastKnownFileType = sourcecode.swift; path = "Movie+CoreDataClass.swift"; sourceTree = "<group>"; };
		9E133E172870715200BEE639 /* Movie+CoreDataProperties.swift */ = {isa = PBXFileReference; lastKnownFileType = sourcecode.swift; path = "Movie+CoreDataProperties.swift"; sourceTree = "<group>"; };
		9E1791472870A9BA00E00647 /* Singer+CoreDataClass.swift */ = {isa = PBXFileReference; lastKnownFileType = sourcecode.swift; path = "Singer+CoreDataClass.swift"; sourceTree = "<group>"; };
		9E1791482870A9BA00E00647 /* Singer+CoreDataProperties.swift */ = {isa = PBXFileReference; lastKnownFileType = sourcecode.swift; path = "Singer+CoreDataProperties.swift"; sourceTree = "<group>"; };
		9E17914B2870AAAE00E00647 /* FilteredList.swift */ = {isa = PBXFileReference; lastKnownFileType = sourcecode.swift; path = FilteredList.swift; sourceTree = "<group>"; };
		9E17914D28722C1A00E00647 /* Country+CoreDataClass.swift */ = {isa = PBXFileReference; lastKnownFileType = sourcecode.swift; path = "Country+CoreDataClass.swift"; sourceTree = "<group>"; };
		9E17914E28722C1A00E00647 /* Country+CoreDataProperties.swift */ = {isa = PBXFileReference; lastKnownFileType = sourcecode.swift; path = "Country+CoreDataProperties.swift"; sourceTree = "<group>"; };
		9E17914F28722C1A00E00647 /* Candy+CoreDataClass.swift */ = {isa = PBXFileReference; lastKnownFileType = sourcecode.swift; path = "Candy+CoreDataClass.swift"; sourceTree = "<group>"; };
		9E17915028722C1A00E00647 /* Candy+CoreDataProperties.swift */ = {isa = PBXFileReference; lastKnownFileType = sourcecode.swift; path = "Candy+CoreDataProperties.swift"; sourceTree = "<group>"; };
/* End PBXFileReference section */

/* Begin PBXFrameworksBuildPhase section */
		9E133DFD28706D7B00BEE639 /* Frameworks */ = {
			isa = PBXFrameworksBuildPhase;
			buildActionMask = 2147483647;
			files = (
			);
			runOnlyForDeploymentPostprocessing = 0;
		};
/* End PBXFrameworksBuildPhase section */

/* Begin PBXGroup section */
		9E133DF728706D7B00BEE639 = {
			isa = PBXGroup;
			children = (
				9E17914D28722C1A00E00647 /* Country+CoreDataClass.swift */,
				9E17914E28722C1A00E00647 /* Country+CoreDataProperties.swift */,
				9E17914F28722C1A00E00647 /* Candy+CoreDataClass.swift */,
				9E17915028722C1A00E00647 /* Candy+CoreDataProperties.swift */,
				9E1791472870A9BA00E00647 /* Singer+CoreDataClass.swift */,
				9E1791482870A9BA00E00647 /* Singer+CoreDataProperties.swift */,
				9E133E162870715200BEE639 /* Movie+CoreDataClass.swift */,
				9E133E172870715200BEE639 /* Movie+CoreDataProperties.swift */,
				9E133E0228706D7B00BEE639 /* CoreDataProject */,
				9E133E0128706D7B00BEE639 /* Products */,
			);
			sourceTree = "<group>";
		};
		9E133E0128706D7B00BEE639 /* Products */ = {
			isa = PBXGroup;
			children = (
				9E133E0028706D7B00BEE639 /* CoreDataProject.app */,
			);
			name = Products;
			sourceTree = "<group>";
		};
		9E133E0228706D7B00BEE639 /* CoreDataProject */ = {
			isa = PBXGroup;
			children = (
				9E133E0328706D7B00BEE639 /* CoreDataProjectApp.swift */,
				9E133E0528706D7B00BEE639 /* ContentView.swift */,
				9E17914B2870AAAE00E00647 /* FilteredList.swift */,
				9E133E1328706DE300BEE639 /* CoreDataProject.xcdatamodeld */,
				9E133E1128706DCE00BEE639 /* DataController.swift */,
				9E133E0728706D7D00BEE639 /* Assets.xcassets */,
				9E133E0928706D7D00BEE639 /* Preview Content */,
			);
			path = CoreDataProject;
			sourceTree = "<group>";
		};
		9E133E0928706D7D00BEE639 /* Preview Content */ = {
			isa = PBXGroup;
			children = (
				9E133E0A28706D7D00BEE639 /* Preview Assets.xcassets */,
			);
			path = "Preview Content";
			sourceTree = "<group>";
		};
/* End PBXGroup section */

/* Begin PBXNativeTarget section */
		9E133DFF28706D7B00BEE639 /* CoreDataProject */ = {
			isa = PBXNativeTarget;
			buildConfigurationList = 9E133E0E28706D7D00BEE639 /* Build configuration list for PBXNativeTarget "CoreDataProject" */;
			buildPhases = (
				9E133DFC28706D7B00BEE639 /* Sources */,
				9E133DFD28706D7B00BEE639 /* Frameworks */,
				9E133DFE28706D7B00BEE639 /* Resources */,
			);
			buildRules = (
			);
			dependencies = (
			);
			name = CoreDataProject;
			productName = CoreDataProject;
			productReference = 9E133E0028706D7B00BEE639 /* CoreDataProject.app */;
			productType = "com.apple.product-type.application";
		};
/* End PBXNativeTarget section */

/* Begin PBXProject section */
		9E133DF828706D7B00BEE639 /* Project object */ = {
			isa = PBXProject;
			attributes = {
				BuildIndependentTargetsInParallel = 1;
				LastSwiftUpdateCheck = 1340;
				LastUpgradeCheck = 1340;
				TargetAttributes = {
					9E133DFF28706D7B00BEE639 = {
						CreatedOnToolsVersion = 13.4.1;
					};
				};
			};
			buildConfigurationList = 9E133DFB28706D7B00BEE639 /* Build configuration list for PBXProject "CoreDataProject" */;
			compatibilityVersion = "Xcode 13.0";
			developmentRegion = en;
			hasScannedForEncodings = 0;
			knownRegions = (
				en,
				Base,
			);
			mainGroup = 9E133DF728706D7B00BEE639;
			productRefGroup = 9E133E0128706D7B00BEE639 /* Products */;
			projectDirPath = "";
			projectRoot = "";
			targets = (
				9E133DFF28706D7B00BEE639 /* CoreDataProject */,
			);
		};
/* End PBXProject section */

/* Begin PBXResourcesBuildPhase section */
		9E133DFE28706D7B00BEE639 /* Resources */ = {
			isa = PBXResourcesBuildPhase;
			buildActionMask = 2147483647;
			files = (
				9E133E0B28706D7D00BEE639 /* Preview Assets.xcassets in Resources */,
				9E133E0828706D7D00BEE639 /* Assets.xcassets in Resources */,
			);
			runOnlyForDeploymentPostprocessing = 0;
		};
/* End PBXResourcesBuildPhase section */

/* Begin PBXSourcesBuildPhase section */
		9E133DFC28706D7B00BEE639 /* Sources */ = {
			isa = PBXSourcesBuildPhase;
			buildActionMask = 2147483647;
			files = (
				9E1791492870A9BA00E00647 /* Singer+CoreDataClass.swift in Sources */,
				9E133E0628706D7B00BEE639 /* ContentView.swift in Sources */,
				9E17914C2870AAAE00E00647 /* FilteredList.swift in Sources */,
				9E133E1228706DCE00BEE639 /* DataController.swift in Sources */,
				9E133E1528706DE300BEE639 /* CoreDataProject.xcdatamodeld in Sources */,
				9E17915428722C1A00E00647 /* Candy+CoreDataProperties.swift in Sources */,
				9E133E182870715200BEE639 /* Movie+CoreDataClass.swift in Sources */,
				9E17915228722C1A00E00647 /* Country+CoreDataProperties.swift in Sources */,
				9E17914A2870A9BA00E00647 /* Singer+CoreDataProperties.swift in Sources */,
				9E133E192870715200BEE639 /* Movie+CoreDataProperties.swift in Sources */,
				9E17915128722C1A00E00647 /* Country+CoreDataClass.swift in Sources */,
				9E133E0428706D7B00BEE639 /* CoreDataProjectApp.swift in Sources */,
				9E17915328722C1A00E00647 /* Candy+CoreDataClass.swift in Sources */,
			);
			runOnlyForDeploymentPostprocessing = 0;
		};
/* End PBXSourcesBuildPhase section */

/* Begin XCBuildConfiguration section */
		9E133E0C28706D7D00BEE639 /* Debug */ = {
			isa = XCBuildConfiguration;
			buildSettings = {
				ALWAYS_SEARCH_USER_PATHS = NO;
				CLANG_ANALYZER_NONNULL = YES;
				CLANG_ANALYZER_NUMBER_OBJECT_CONVERSION = YES_AGGRESSIVE;
				CLANG_CXX_LANGUAGE_STANDARD = "gnu++17";
				CLANG_ENABLE_MODULES = YES;
				CLANG_ENABLE_OBJC_ARC = YES;
				CLANG_ENABLE_OBJC_WEAK = YES;
				CLANG_WARN_BLOCK_CAPTURE_AUTORELEASING = YES;
				CLANG_WARN_BOOL_CONVERSION = YES;
				CLANG_WARN_COMMA = YES;
				CLANG_WARN_CONSTANT_CONVERSION = YES;
				CLANG_WARN_DEPRECATED_OBJC_IMPLEMENTATIONS = YES;
				CLANG_WARN_DIRECT_OBJC_ISA_USAGE = YES_ERROR;
				CLANG_WARN_DOCUMENTATION_COMMENTS = YES;
				CLANG_WARN_EMPTY_BODY = YES;
				CLANG_WARN_ENUM_CONVERSION = YES;
				CLANG_WARN_INFINITE_RECURSION = YES;
				CLANG_WARN_INT_CONVERSION = YES;
				CLANG_WARN_NON_LITERAL_NULL_CONVERSION = YES;
				CLANG_WARN_OBJC_IMPLICIT_RETAIN_SELF = YES;
				CLANG_WARN_OBJC_LITERAL_CONVERSION = YES;
				CLANG_WARN_OBJC_ROOT_CLASS = YES_ERROR;
				CLANG_WARN_QUOTED_INCLUDE_IN_FRAMEWORK_HEADER = YES;
				CLANG_WARN_RANGE_LOOP_ANALYSIS = YES;
				CLANG_WARN_STRICT_PROTOTYPES = YES;
				CLANG_WARN_SUSPICIOUS_MOVE = YES;
				CLANG_WARN_UNGUARDED_AVAILABILITY = YES_AGGRESSIVE;
				CLANG_WARN_UNREACHABLE_CODE = YES;
				CLANG_WARN__DUPLICATE_METHOD_MATCH = YES;
				COPY_PHASE_STRIP = NO;
				DEBUG_INFORMATION_FORMAT = dwarf;
				ENABLE_STRICT_OBJC_MSGSEND = YES;
				ENABLE_TESTABILITY = YES;
				GCC_C_LANGUAGE_STANDARD = gnu11;
				GCC_DYNAMIC_NO_PIC = NO;
				GCC_NO_COMMON_BLOCKS = YES;
				GCC_OPTIMIZATION_LEVEL = 0;
				GCC_PREPROCESSOR_DEFINITIONS = (
					"DEBUG=1",
					"$(inherited)",
				);
				GCC_WARN_64_TO_32_BIT_CONVERSION = YES;
				GCC_WARN_ABOUT_RETURN_TYPE = YES_ERROR;
				GCC_WARN_UNDECLARED_SELECTOR = YES;
				GCC_WARN_UNINITIALIZED_AUTOS = YES_AGGRESSIVE;
				GCC_WARN_UNUSED_FUNCTION = YES;
				GCC_WARN_UNUSED_VARIABLE = YES;
				IPHONEOS_DEPLOYMENT_TARGET = 15.5;
				MTL_ENABLE_DEBUG_INFO = INCLUDE_SOURCE;
				MTL_FAST_MATH = YES;
				ONLY_ACTIVE_ARCH = YES;
				SDKROOT = iphoneos;
				SWIFT_ACTIVE_COMPILATION_CONDITIONS = DEBUG;
				SWIFT_OPTIMIZATION_LEVEL = "-Onone";
			};
			name = Debug;
		};
		9E133E0D28706D7D00BEE639 /* Release */ = {
			isa = XCBuildConfiguration;
			buildSettings = {
				ALWAYS_SEARCH_USER_PATHS = NO;
				CLANG_ANALYZER_NONNULL = YES;
				CLANG_ANALYZER_NUMBER_OBJECT_CONVERSION = YES_AGGRESSIVE;
				CLANG_CXX_LANGUAGE_STANDARD = "gnu++17";
				CLANG_ENABLE_MODULES = YES;
				CLANG_ENABLE_OBJC_ARC = YES;
				CLANG_ENABLE_OBJC_WEAK = YES;
				CLANG_WARN_BLOCK_CAPTURE_AUTORELEASING = YES;
				CLANG_WARN_BOOL_CONVERSION = YES;
				CLANG_WARN_COMMA = YES;
				CLANG_WARN_CONSTANT_CONVERSION = YES;
				CLANG_WARN_DEPRECATED_OBJC_IMPLEMENTATIONS = YES;
				CLANG_WARN_DIRECT_OBJC_ISA_USAGE = YES_ERROR;
				CLANG_WARN_DOCUMENTATION_COMMENTS = YES;
				CLANG_WARN_EMPTY_BODY = YES;
				CLANG_WARN_ENUM_CONVERSION = YES;
				CLANG_WARN_INFINITE_RECURSION = YES;
				CLANG_WARN_INT_CONVERSION = YES;
				CLANG_WARN_NON_LITERAL_NULL_CONVERSION = YES;
				CLANG_WARN_OBJC_IMPLICIT_RETAIN_SELF = YES;
				CLANG_WARN_OBJC_LITERAL_CONVERSION = YES;
				CLANG_WARN_OBJC_ROOT_CLASS = YES_ERROR;
				CLANG_WARN_QUOTED_INCLUDE_IN_FRAMEWORK_HEADER = YES;
				CLANG_WARN_RANGE_LOOP_ANALYSIS = YES;
				CLANG_WARN_STRICT_PROTOTYPES = YES;
				CLANG_WARN_SUSPICIOUS_MOVE = YES;
				CLANG_WARN_UNGUARDED_AVAILABILITY = YES_AGGRESSIVE;
				CLANG_WARN_UNREACHABLE_CODE = YES;
				CLANG_WARN__DUPLICATE_METHOD_MATCH = YES;
				COPY_PHASE_STRIP = NO;
				DEBUG_INFORMATION_FORMAT = "dwarf-with-dsym";
				ENABLE_NS_ASSERTIONS = NO;
				ENABLE_STRICT_OBJC_MSGSEND = YES;
				GCC_C_LANGUAGE_STANDARD = gnu11;
				GCC_NO_COMMON_BLOCKS = YES;
				GCC_WARN_64_TO_32_BIT_CONVERSION = YES;
				GCC_WARN_ABOUT_RETURN_TYPE = YES_ERROR;
				GCC_WARN_UNDECLARED_SELECTOR = YES;
				GCC_WARN_UNINITIALIZED_AUTOS = YES_AGGRESSIVE;
				GCC_WARN_UNUSED_FUNCTION = YES;
				GCC_WARN_UNUSED_VARIABLE = YES;
				IPHONEOS_DEPLOYMENT_TARGET = 15.5;
				MTL_ENABLE_DEBUG_INFO = NO;
				MTL_FAST_MATH = YES;
				SDKROOT = iphoneos;
				SWIFT_COMPILATION_MODE = wholemodule;
				SWIFT_OPTIMIZATION_LEVEL = "-O";
				VALIDATE_PRODUCT = YES;
			};
			name = Release;
		};
		9E133E0F28706D7D00BEE639 /* Debug */ = {
			isa = XCBuildConfiguration;
			buildSettings = {
				ASSETCATALOG_COMPILER_APPICON_NAME = AppIcon;
				ASSETCATALOG_COMPILER_GLOBAL_ACCENT_COLOR_NAME = AccentColor;
				CODE_SIGN_STYLE = Automatic;
				CURRENT_PROJECT_VERSION = 1;
				DEVELOPMENT_ASSET_PATHS = "\"CoreDataProject/Preview Content\"";
				DEVELOPMENT_TEAM = WW6MQ8PF85;
				ENABLE_PREVIEWS = YES;
				GENERATE_INFOPLIST_FILE = YES;
				INFOPLIST_KEY_UIApplicationSceneManifest_Generation = YES;
				INFOPLIST_KEY_UIApplicationSupportsIndirectInputEvents = YES;
				INFOPLIST_KEY_UILaunchScreen_Generation = YES;
				INFOPLIST_KEY_UISupportedInterfaceOrientations_iPad = "UIInterfaceOrientationPortrait UIInterfaceOrientationPortraitUpsideDown UIInterfaceOrientationLandscapeLeft UIInterfaceOrientationLandscapeRight";
				INFOPLIST_KEY_UISupportedInterfaceOrientations_iPhone = "UIInterfaceOrientationPortrait UIInterfaceOrientationLandscapeLeft UIInterfaceOrientationLandscapeRight";
				LD_RUNPATH_SEARCH_PATHS = (
					"$(inherited)",
					"@executable_path/Frameworks",
				);
				MARKETING_VERSION = 1.0;
				PRODUCT_BUNDLE_IDENTIFIER = com.christopherkoski.CoreDataProject;
				PRODUCT_NAME = "$(TARGET_NAME)";
				SWIFT_EMIT_LOC_STRINGS = YES;
				SWIFT_VERSION = 5.0;
				TARGETED_DEVICE_FAMILY = "1,2";
			};
			name = Debug;
		};
		9E133E1028706D7D00BEE639 /* Release */ = {
			isa = XCBuildConfiguration;
			buildSettings = {
				ASSETCATALOG_COMPILER_APPICON_NAME = AppIcon;
				ASSETCATALOG_COMPILER_GLOBAL_ACCENT_COLOR_NAME = AccentColor;
				CODE_SIGN_STYLE = Automatic;
				CURRENT_PROJECT_VERSION = 1;
				DEVELOPMENT_ASSET_PATHS = "\"CoreDataProject/Preview Content\"";
				DEVELOPMENT_TEAM = WW6MQ8PF85;
				ENABLE_PREVIEWS = YES;
				GENERATE_INFOPLIST_FILE = YES;
				INFOPLIST_KEY_UIApplicationSceneManifest_Generation = YES;
				INFOPLIST_KEY_UIApplicationSupportsIndirectInputEvents = YES;
				INFOPLIST_KEY_UILaunchScreen_Generation = YES;
				INFOPLIST_KEY_UISupportedInterfaceOrientations_iPad = "UIInterfaceOrientationPortrait UIInterfaceOrientationPortraitUpsideDown UIInterfaceOrientationLandscapeLeft UIInterfaceOrientationLandscapeRight";
				INFOPLIST_KEY_UISupportedInterfaceOrientations_iPhone = "UIInterfaceOrientationPortrait UIInterfaceOrientationLandscapeLeft UIInterfaceOrientationLandscapeRight";
				LD_RUNPATH_SEARCH_PATHS = (
					"$(inherited)",
					"@executable_path/Frameworks",
				);
				MARKETING_VERSION = 1.0;
				PRODUCT_BUNDLE_IDENTIFIER = com.christopherkoski.CoreDataProject;
				PRODUCT_NAME = "$(TARGET_NAME)";
				SWIFT_EMIT_LOC_STRINGS = YES;
				SWIFT_VERSION = 5.0;
				TARGETED_DEVICE_FAMILY = "1,2";
			};
			name = Release;
		};
/* End XCBuildConfiguration section */

/* Begin XCConfigurationList section */
		9E133DFB28706D7B00BEE639 /* Build configuration list for PBXProject "CoreDataProject" */ = {
			isa = XCConfigurationList;
			buildConfigurations = (
				9E133E0C28706D7D00BEE639 /* Debug */,
				9E133E0D28706D7D00BEE639 /* Release */,
			);
			defaultConfigurationIsVisible = 0;
			defaultConfigurationName = Release;
		};
		9E133E0E28706D7D00BEE639 /* Build configuration list for PBXNativeTarget "CoreDataProject" */ = {
			isa = XCConfigurationList;
			buildConfigurations = (
				9E133E0F28706D7D00BEE639 /* Debug */,
				9E133E1028706D7D00BEE639 /* Release */,
			);
			defaultConfigurationIsVisible = 0;
			defaultConfigurationName = Release;
		};
/* End XCConfigurationList section */

/* Begin XCVersionGroup section */
		9E133E1328706DE300BEE639 /* CoreDataProject.xcdatamodeld */ = {
			isa = XCVersionGroup;
			children = (
				9E133E1428706DE300BEE639 /* CoreDataProject.xcdatamodel */,
			);
			currentVersion = 9E133E1428706DE300BEE639 /* CoreDataProject.xcdatamodel */;
			path = CoreDataProject.xcdatamodeld;
			sourceTree = "<group>";
			versionGroupType = wrapper.xcdatamodel;
		};
/* End XCVersionGroup section */
	};
	rootObject = 9E133DF828706D7B00BEE639 /* Project object */;
}
