// !$*UTF8*$!
{
	archiveVersion = 1;
	classes = {
	};
	objectVersion = 55;
	objects = {

/* Begin PBXBuildFile section */
		9ECAD7182878C5F60018A939 /* Milestone10_12App.swift in Sources */ = {isa = PBXBuildFile; fileRef = 9ECAD7172878C5F60018A939 /* Milestone10_12App.swift */; };
		9ECAD71A2878C5F60018A939 /* ContentView.swift in Sources */ = {isa = PBXBuildFile; fileRef = 9ECAD7192878C5F60018A939 /* ContentView.swift */; };
		9ECAD71C2878C5F80018A939 /* Assets.xcassets in Resources */ = {isa = PBXBuildFile; fileRef = 9ECAD71B2878C5F80018A939 /* Assets.xcassets */; };
		9ECAD71F2878C5F80018A939 /* Preview Assets.xcassets in Resources */ = {isa = PBXBuildFile; fileRef = 9ECAD71E2878C5F80018A939 /* Preview Assets.xcassets */; };
		9ECAD7262879BF7E0018A939 /* User.swift in Sources */ = {isa = PBXBuildFile; fileRef = 9ECAD7252879BF7D0018A939 /* User.swift */; };
		9ECAD7282879BFED0018A939 /* APIManager.swift in Sources */ = {isa = PBXBuildFile; fileRef = 9ECAD7272879BFED0018A939 /* APIManager.swift */; };
		9ECAD72A287B566E0018A939 /* DetailView.swift in Sources */ = {isa = PBXBuildFile; fileRef = 9ECAD729287B566E0018A939 /* DetailView.swift */; };
		9ECAD72D287C3A440018A939 /* Milestone10-12.xcdatamodeld in Sources */ = {isa = PBXBuildFile; fileRef = 9ECAD72B287C3A440018A939 /* Milestone10-12.xcdatamodeld */; };
		9ECAD72F287C3B9E0018A939 /* DataController.swift in Sources */ = {isa = PBXBuildFile; fileRef = 9ECAD72E287C3B9E0018A939 /* DataController.swift */; };
		9ECAD734287C45A70018A939 /* CachedFriend+CoreDataClass.swift in Sources */ = {isa = PBXBuildFile; fileRef = 9ECAD730287C45A70018A939 /* CachedFriend+CoreDataClass.swift */; };
		9ECAD735287C45A70018A939 /* CachedFriend+CoreDataProperties.swift in Sources */ = {isa = PBXBuildFile; fileRef = 9ECAD731287C45A70018A939 /* CachedFriend+CoreDataProperties.swift */; };
		9ECAD736287C45A70018A939 /* CachedUser+CoreDataClass.swift in Sources */ = {isa = PBXBuildFile; fileRef = 9ECAD732287C45A70018A939 /* CachedUser+CoreDataClass.swift */; };
		9ECAD737287C45A70018A939 /* CachedUser+CoreDataProperties.swift in Sources */ = {isa = PBXBuildFile; fileRef = 9ECAD733287C45A70018A939 /* CachedUser+CoreDataProperties.swift */; };
/* End PBXBuildFile section */

/* Begin PBXFileReference section */
		9ECAD7142878C5F60018A939 /* Milestone10-12.app */ = {isa = PBXFileReference; explicitFileType = wrapper.application; includeInIndex = 0; path = "Milestone10-12.app"; sourceTree = BUILT_PRODUCTS_DIR; };
		9ECAD7172878C5F60018A939 /* Milestone10_12App.swift */ = {isa = PBXFileReference; lastKnownFileType = sourcecode.swift; path = Milestone10_12App.swift; sourceTree = "<group>"; };
		9ECAD7192878C5F60018A939 /* ContentView.swift */ = {isa = PBXFileReference; lastKnownFileType = sourcecode.swift; path = ContentView.swift; sourceTree = "<group>"; };
		9ECAD71B2878C5F80018A939 /* Assets.xcassets */ = {isa = PBXFileReference; lastKnownFileType = folder.assetcatalog; path = Assets.xcassets; sourceTree = "<group>"; };
		9ECAD71E2878C5F80018A939 /* Preview Assets.xcassets */ = {isa = PBXFileReference; lastKnownFileType = folder.assetcatalog; path = "Preview Assets.xcassets"; sourceTree = "<group>"; };
		9ECAD7252879BF7D0018A939 /* User.swift */ = {isa = PBXFileReference; lastKnownFileType = sourcecode.swift; path = User.swift; sourceTree = "<group>"; };
		9ECAD7272879BFED0018A939 /* APIManager.swift */ = {isa = PBXFileReference; lastKnownFileType = sourcecode.swift; path = APIManager.swift; sourceTree = "<group>"; };
		9ECAD729287B566E0018A939 /* DetailView.swift */ = {isa = PBXFileReference; lastKnownFileType = sourcecode.swift; path = DetailView.swift; sourceTree = "<group>"; };
		9ECAD72C287C3A440018A939 /* Milestone10-12.xcdatamodel */ = {isa = PBXFileReference; lastKnownFileType = wrapper.xcdatamodel; path = "Milestone10-12.xcdatamodel"; sourceTree = "<group>"; };
		9ECAD72E287C3B9E0018A939 /* DataController.swift */ = {isa = PBXFileReference; lastKnownFileType = sourcecode.swift; path = DataController.swift; sourceTree = "<group>"; };
		9ECAD730287C45A70018A939 /* CachedFriend+CoreDataClass.swift */ = {isa = PBXFileReference; lastKnownFileType = sourcecode.swift; path = "CachedFriend+CoreDataClass.swift"; sourceTree = "<group>"; };
		9ECAD731287C45A70018A939 /* CachedFriend+CoreDataProperties.swift */ = {isa = PBXFileReference; lastKnownFileType = sourcecode.swift; path = "CachedFriend+CoreDataProperties.swift"; sourceTree = "<group>"; };
		9ECAD732287C45A70018A939 /* CachedUser+CoreDataClass.swift */ = {isa = PBXFileReference; lastKnownFileType = sourcecode.swift; path = "CachedUser+CoreDataClass.swift"; sourceTree = "<group>"; };
		9ECAD733287C45A70018A939 /* CachedUser+CoreDataProperties.swift */ = {isa = PBXFileReference; lastKnownFileType = sourcecode.swift; path = "CachedUser+CoreDataProperties.swift"; sourceTree = "<group>"; };
/* End PBXFileReference section */

/* Begin PBXFrameworksBuildPhase section */
		9ECAD7112878C5F60018A939 /* Frameworks */ = {
			isa = PBXFrameworksBuildPhase;
			buildActionMask = 2147483647;
			files = (
			);
			runOnlyForDeploymentPostprocessing = 0;
		};
/* End PBXFrameworksBuildPhase section */

/* Begin PBXGroup section */
		9ECAD70B2878C5F60018A939 = {
			isa = PBXGroup;
			children = (
				9ECAD730287C45A70018A939 /* CachedFriend+CoreDataClass.swift */,
				9ECAD731287C45A70018A939 /* CachedFriend+CoreDataProperties.swift */,
				9ECAD732287C45A70018A939 /* CachedUser+CoreDataClass.swift */,
				9ECAD733287C45A70018A939 /* CachedUser+CoreDataProperties.swift */,
				9ECAD7162878C5F60018A939 /* Milestone10-12 */,
				9ECAD7152878C5F60018A939 /* Products */,
			);
			sourceTree = "<group>";
		};
		9ECAD7152878C5F60018A939 /* Products */ = {
			isa = PBXGroup;
			children = (
				9ECAD7142878C5F60018A939 /* Milestone10-12.app */,
			);
			name = Products;
			sourceTree = "<group>";
		};
		9ECAD7162878C5F60018A939 /* Milestone10-12 */ = {
			isa = PBXGroup;
			children = (
				9ECAD7172878C5F60018A939 /* Milestone10_12App.swift */,
				9ECAD72E287C3B9E0018A939 /* DataController.swift */,
				9ECAD7192878C5F60018A939 /* ContentView.swift */,
				9ECAD729287B566E0018A939 /* DetailView.swift */,
				9ECAD7272879BFED0018A939 /* APIManager.swift */,
				9ECAD7252879BF7D0018A939 /* User.swift */,
				9ECAD72B287C3A440018A939 /* Milestone10-12.xcdatamodeld */,
				9ECAD71B2878C5F80018A939 /* Assets.xcassets */,
				9ECAD71D2878C5F80018A939 /* Preview Content */,
			);
			path = "Milestone10-12";
			sourceTree = "<group>";
		};
		9ECAD71D2878C5F80018A939 /* Preview Content */ = {
			isa = PBXGroup;
			children = (
				9ECAD71E2878C5F80018A939 /* Preview Assets.xcassets */,
			);
			path = "Preview Content";
			sourceTree = "<group>";
		};
/* End PBXGroup section */

/* Begin PBXNativeTarget section */
		9ECAD7132878C5F60018A939 /* Milestone10-12 */ = {
			isa = PBXNativeTarget;
			buildConfigurationList = 9ECAD7222878C5F80018A939 /* Build configuration list for PBXNativeTarget "Milestone10-12" */;
			buildPhases = (
				9ECAD7102878C5F60018A939 /* Sources */,
				9ECAD7112878C5F60018A939 /* Frameworks */,
				9ECAD7122878C5F60018A939 /* Resources */,
			);
			buildRules = (
			);
			dependencies = (
			);
			name = "Milestone10-12";
			productName = "Milestone10-12";
			productReference = 9ECAD7142878C5F60018A939 /* Milestone10-12.app */;
			productType = "com.apple.product-type.application";
		};
/* End PBXNativeTarget section */

/* Begin PBXProject section */
		9ECAD70C2878C5F60018A939 /* Project object */ = {
			isa = PBXProject;
			attributes = {
				BuildIndependentTargetsInParallel = 1;
				LastSwiftUpdateCheck = 1340;
				LastUpgradeCheck = 1340;
				TargetAttributes = {
					9ECAD7132878C5F60018A939 = {
						CreatedOnToolsVersion = 13.4.1;
					};
				};
			};
			buildConfigurationList = 9ECAD70F2878C5F60018A939 /* Build configuration list for PBXProject "Milestone10-12" */;
			compatibilityVersion = "Xcode 13.0";
			developmentRegion = en;
			hasScannedForEncodings = 0;
			knownRegions = (
				en,
				Base,
			);
			mainGroup = 9ECAD70B2878C5F60018A939;
			productRefGroup = 9ECAD7152878C5F60018A939 /* Products */;
			projectDirPath = "";
			projectRoot = "";
			targets = (
				9ECAD7132878C5F60018A939 /* Milestone10-12 */,
			);
		};
/* End PBXProject section */

/* Begin PBXResourcesBuildPhase section */
		9ECAD7122878C5F60018A939 /* Resources */ = {
			isa = PBXResourcesBuildPhase;
			buildActionMask = 2147483647;
			files = (
				9ECAD71F2878C5F80018A939 /* Preview Assets.xcassets in Resources */,
				9ECAD71C2878C5F80018A939 /* Assets.xcassets in Resources */,
			);
			runOnlyForDeploymentPostprocessing = 0;
		};
/* End PBXResourcesBuildPhase section */

/* Begin PBXSourcesBuildPhase section */
		9ECAD7102878C5F60018A939 /* Sources */ = {
			isa = PBXSourcesBuildPhase;
			buildActionMask = 2147483647;
			files = (
				9ECAD72F287C3B9E0018A939 /* DataController.swift in Sources */,
				9ECAD735287C45A70018A939 /* CachedFriend+CoreDataProperties.swift in Sources */,
				9ECAD737287C45A70018A939 /* CachedUser+CoreDataProperties.swift in Sources */,
				9ECAD72D287C3A440018A939 /* Milestone10-12.xcdatamodeld in Sources */,
				9ECAD7282879BFED0018A939 /* APIManager.swift in Sources */,
				9ECAD71A2878C5F60018A939 /* ContentView.swift in Sources */,
				9ECAD7182878C5F60018A939 /* Milestone10_12App.swift in Sources */,
				9ECAD736287C45A70018A939 /* CachedUser+CoreDataClass.swift in Sources */,
				9ECAD72A287B566E0018A939 /* DetailView.swift in Sources */,
				9ECAD734287C45A70018A939 /* CachedFriend+CoreDataClass.swift in Sources */,
				9ECAD7262879BF7E0018A939 /* User.swift in Sources */,
			);
			runOnlyForDeploymentPostprocessing = 0;
		};
/* End PBXSourcesBuildPhase section */

/* Begin XCBuildConfiguration section */
		9ECAD7202878C5F80018A939 /* Debug */ = {
			isa = XCBuildConfiguration;
			buildSettings = {
				ALWAYS_SEARCH_USER_PATHS = NO;
				CLANG_ANALYZER_NONNULL = YES;
				CLANG_ANALYZER_NUMBER_OBJECT_CONVERSION = YES_AGGRESSIVE;
				CLANG_CXX_LANGUAGE_STANDARD = "gnu++17";
				CLANG_ENABLE_MODULES = YES;
				CLANG_ENABLE_OBJC_ARC = YES;
				CLANG_ENABLE_OBJC_WEAK = YES;
				CLANG_WARN_BLOCK_CAPTURE_AUTORELEASING = YES;
				CLANG_WARN_BOOL_CONVERSION = YES;
				CLANG_WARN_COMMA = YES;
				CLANG_WARN_CONSTANT_CONVERSION = YES;
				CLANG_WARN_DEPRECATED_OBJC_IMPLEMENTATIONS = YES;
				CLANG_WARN_DIRECT_OBJC_ISA_USAGE = YES_ERROR;
				CLANG_WARN_DOCUMENTATION_COMMENTS = YES;
				CLANG_WARN_EMPTY_BODY = YES;
				CLANG_WARN_ENUM_CONVERSION = YES;
				CLANG_WARN_INFINITE_RECURSION = YES;
				CLANG_WARN_INT_CONVERSION = YES;
				CLANG_WARN_NON_LITERAL_NULL_CONVERSION = YES;
				CLANG_WARN_OBJC_IMPLICIT_RETAIN_SELF = YES;
				CLANG_WARN_OBJC_LITERAL_CONVERSION = YES;
				CLANG_WARN_OBJC_ROOT_CLASS = YES_ERROR;
				CLANG_WARN_QUOTED_INCLUDE_IN_FRAMEWORK_HEADER = YES;
				CLANG_WARN_RANGE_LOOP_ANALYSIS = YES;
				CLANG_WARN_STRICT_PROTOTYPES = YES;
				CLANG_WARN_SUSPICIOUS_MOVE = YES;
				CLANG_WARN_UNGUARDED_AVAILABILITY = YES_AGGRESSIVE;
				CLANG_WARN_UNREACHABLE_CODE = YES;
				CLANG_WARN__DUPLICATE_METHOD_MATCH = YES;
				COPY_PHASE_STRIP = NO;
				DEBUG_INFORMATION_FORMAT = dwarf;
				ENABLE_STRICT_OBJC_MSGSEND = YES;
				ENABLE_TESTABILITY = YES;
				GCC_C_LANGUAGE_STANDARD = gnu11;
				GCC_DYNAMIC_NO_PIC = NO;
				GCC_NO_COMMON_BLOCKS = YES;
				GCC_OPTIMIZATION_LEVEL = 0;
				GCC_PREPROCESSOR_DEFINITIONS = (
					"DEBUG=1",
					"$(inherited)",
				);
				GCC_WARN_64_TO_32_BIT_CONVERSION = YES;
				GCC_WARN_ABOUT_RETURN_TYPE = YES_ERROR;
				GCC_WARN_UNDECLARED_SELECTOR = YES;
				GCC_WARN_UNINITIALIZED_AUTOS = YES_AGGRESSIVE;
				GCC_WARN_UNUSED_FUNCTION = YES;
				GCC_WARN_UNUSED_VARIABLE = YES;
				IPHONEOS_DEPLOYMENT_TARGET = 15.5;
				MTL_ENABLE_DEBUG_INFO = INCLUDE_SOURCE;
				MTL_FAST_MATH = YES;
				ONLY_ACTIVE_ARCH = YES;
				SDKROOT = iphoneos;
				SWIFT_ACTIVE_COMPILATION_CONDITIONS = DEBUG;
				SWIFT_OPTIMIZATION_LEVEL = "-Onone";
			};
			name = Debug;
		};
		9ECAD7212878C5F80018A939 /* Release */ = {
			isa = XCBuildConfiguration;
			buildSettings = {
				ALWAYS_SEARCH_USER_PATHS = NO;
				CLANG_ANALYZER_NONNULL = YES;
				CLANG_ANALYZER_NUMBER_OBJECT_CONVERSION = YES_AGGRESSIVE;
				CLANG_CXX_LANGUAGE_STANDARD = "gnu++17";
				CLANG_ENABLE_MODULES = YES;
				CLANG_ENABLE_OBJC_ARC = YES;
				CLANG_ENABLE_OBJC_WEAK = YES;
				CLANG_WARN_BLOCK_CAPTURE_AUTORELEASING = YES;
				CLANG_WARN_BOOL_CONVERSION = YES;
				CLANG_WARN_COMMA = YES;
				CLANG_WARN_CONSTANT_CONVERSION = YES;
				CLANG_WARN_DEPRECATED_OBJC_IMPLEMENTATIONS = YES;
				CLANG_WARN_DIRECT_OBJC_ISA_USAGE = YES_ERROR;
				CLANG_WARN_DOCUMENTATION_COMMENTS = YES;
				CLANG_WARN_EMPTY_BODY = YES;
				CLANG_WARN_ENUM_CONVERSION = YES;
				CLANG_WARN_INFINITE_RECURSION = YES;
				CLANG_WARN_INT_CONVERSION = YES;
				CLANG_WARN_NON_LITERAL_NULL_CONVERSION = YES;
				CLANG_WARN_OBJC_IMPLICIT_RETAIN_SELF = YES;
				CLANG_WARN_OBJC_LITERAL_CONVERSION = YES;
				CLANG_WARN_OBJC_ROOT_CLASS = YES_ERROR;
				CLANG_WARN_QUOTED_INCLUDE_IN_FRAMEWORK_HEADER = YES;
				CLANG_WARN_RANGE_LOOP_ANALYSIS = YES;
				CLANG_WARN_STRICT_PROTOTYPES = YES;
				CLANG_WARN_SUSPICIOUS_MOVE = YES;
				CLANG_WARN_UNGUARDED_AVAILABILITY = YES_AGGRESSIVE;
				CLANG_WARN_UNREACHABLE_CODE = YES;
				CLANG_WARN__DUPLICATE_METHOD_MATCH = YES;
				COPY_PHASE_STRIP = NO;
				DEBUG_INFORMATION_FORMAT = "dwarf-with-dsym";
				ENABLE_NS_ASSERTIONS = NO;
				ENABLE_STRICT_OBJC_MSGSEND = YES;
				GCC_C_LANGUAGE_STANDARD = gnu11;
				GCC_NO_COMMON_BLOCKS = YES;
				GCC_WARN_64_TO_32_BIT_CONVERSION = YES;
				GCC_WARN_ABOUT_RETURN_TYPE = YES_ERROR;
				GCC_WARN_UNDECLARED_SELECTOR = YES;
				GCC_WARN_UNINITIALIZED_AUTOS = YES_AGGRESSIVE;
				GCC_WARN_UNUSED_FUNCTION = YES;
				GCC_WARN_UNUSED_VARIABLE = YES;
				IPHONEOS_DEPLOYMENT_TARGET = 15.5;
				MTL_ENABLE_DEBUG_INFO = NO;
				MTL_FAST_MATH = YES;
				SDKROOT = iphoneos;
				SWIFT_COMPILATION_MODE = wholemodule;
				SWIFT_OPTIMIZATION_LEVEL = "-O";
				VALIDATE_PRODUCT = YES;
			};
			name = Release;
		};
		9ECAD7232878C5F80018A939 /* Debug */ = {
			isa = XCBuildConfiguration;
			buildSettings = {
				ASSETCATALOG_COMPILER_APPICON_NAME = AppIcon;
				ASSETCATALOG_COMPILER_GLOBAL_ACCENT_COLOR_NAME = AccentColor;
				CODE_SIGN_STYLE = Automatic;
				CURRENT_PROJECT_VERSION = 1;
				DEVELOPMENT_ASSET_PATHS = "\"Milestone10-12/Preview Content\"";
				DEVELOPMENT_TEAM = WW6MQ8PF85;
				ENABLE_PREVIEWS = YES;
				GENERATE_INFOPLIST_FILE = YES;
				INFOPLIST_KEY_UIApplicationSceneManifest_Generation = YES;
				INFOPLIST_KEY_UIApplicationSupportsIndirectInputEvents = YES;
				INFOPLIST_KEY_UILaunchScreen_Generation = YES;
				INFOPLIST_KEY_UISupportedInterfaceOrientations_iPad = "UIInterfaceOrientationPortrait UIInterfaceOrientationPortraitUpsideDown UIInterfaceOrientationLandscapeLeft UIInterfaceOrientationLandscapeRight";
				INFOPLIST_KEY_UISupportedInterfaceOrientations_iPhone = "UIInterfaceOrientationPortrait UIInterfaceOrientationLandscapeLeft UIInterfaceOrientationLandscapeRight";
				LD_RUNPATH_SEARCH_PATHS = (
					"$(inherited)",
					"@executable_path/Frameworks",
				);
				MARKETING_VERSION = 1.0;
				PRODUCT_BUNDLE_IDENTIFIER = "com.christopherkoski.Milestone10-12";
				PRODUCT_NAME = "$(TARGET_NAME)";
				SWIFT_EMIT_LOC_STRINGS = YES;
				SWIFT_VERSION = 5.0;
				TARGETED_DEVICE_FAMILY = "1,2";
			};
			name = Debug;
		};
		9ECAD7242878C5F80018A939 /* Release */ = {
			isa = XCBuildConfiguration;
			buildSettings = {
				ASSETCATALOG_COMPILER_APPICON_NAME = AppIcon;
				ASSETCATALOG_COMPILER_GLOBAL_ACCENT_COLOR_NAME = AccentColor;
				CODE_SIGN_STYLE = Automatic;
				CURRENT_PROJECT_VERSION = 1;
				DEVELOPMENT_ASSET_PATHS = "\"Milestone10-12/Preview Content\"";
				DEVELOPMENT_TEAM = WW6MQ8PF85;
				ENABLE_PREVIEWS = YES;
				GENERATE_INFOPLIST_FILE = YES;
				INFOPLIST_KEY_UIApplicationSceneManifest_Generation = YES;
				INFOPLIST_KEY_UIApplicationSupportsIndirectInputEvents = YES;
				INFOPLIST_KEY_UILaunchScreen_Generation = YES;
				INFOPLIST_KEY_UISupportedInterfaceOrientations_iPad = "UIInterfaceOrientationPortrait UIInterfaceOrientationPortraitUpsideDown UIInterfaceOrientationLandscapeLeft UIInterfaceOrientationLandscapeRight";
				INFOPLIST_KEY_UISupportedInterfaceOrientations_iPhone = "UIInterfaceOrientationPortrait UIInterfaceOrientationLandscapeLeft UIInterfaceOrientationLandscapeRight";
				LD_RUNPATH_SEARCH_PATHS = (
					"$(inherited)",
					"@executable_path/Frameworks",
				);
				MARKETING_VERSION = 1.0;
				PRODUCT_BUNDLE_IDENTIFIER = "com.christopherkoski.Milestone10-12";
				PRODUCT_NAME = "$(TARGET_NAME)";
				SWIFT_EMIT_LOC_STRINGS = YES;
				SWIFT_VERSION = 5.0;
				TARGETED_DEVICE_FAMILY = "1,2";
			};
			name = Release;
		};
/* End XCBuildConfiguration section */

/* Begin XCConfigurationList section */
		9ECAD70F2878C5F60018A939 /* Build configuration list for PBXProject "Milestone10-12" */ = {
			isa = XCConfigurationList;
			buildConfigurations = (
				9ECAD7202878C5F80018A939 /* Debug */,
				9ECAD7212878C5F80018A939 /* Release */,
			);
			defaultConfigurationIsVisible = 0;
			defaultConfigurationName = Release;
		};
		9ECAD7222878C5F80018A939 /* Build configuration list for PBXNativeTarget "Milestone10-12" */ = {
			isa = XCConfigurationList;
			buildConfigurations = (
				9ECAD7232878C5F80018A939 /* Debug */,
				9ECAD7242878C5F80018A939 /* Release */,
			);
			defaultConfigurationIsVisible = 0;
			defaultConfigurationName = Release;
		};
/* End XCConfigurationList section */

/* Begin XCVersionGroup section */
		9ECAD72B287C3A440018A939 /* Milestone10-12.xcdatamodeld */ = {
			isa = XCVersionGroup;
			children = (
				9ECAD72C287C3A440018A939 /* Milestone10-12.xcdatamodel */,
			);
			currentVersion = 9ECAD72C287C3A440018A939 /* Milestone10-12.xcdatamodel */;
			path = "Milestone10-12.xcdatamodeld";
			sourceTree = "<group>";
			versionGroupType = wrapper.xcdatamodel;
		};
/* End XCVersionGroup section */
	};
	rootObject = 9ECAD70C2878C5F60018A939 /* Project object */;
}
